{
  "requires": true,
  "lockfileVersion": 1,
  "dependencies": {
    "@ant-design/colors": {
      "version": "6.0.0",
      "resolved": "https://registry.npmjs.org/@ant-design/colors/-/colors-6.0.0.tgz",
      "integrity": "sha512-qAZRvPzfdWHtfameEGP2Qvuf838NhergR35o+EuVyB5XvSA98xod5r4utvi4TJ3ywmevm290g9nsCG5MryrdWQ==",
      "requires": {
        "@ctrl/tinycolor": "^3.4.0"
      }
    },
    "@ant-design/icons": {
      "version": "4.6.2",
      "resolved": "https://registry.npmjs.org/@ant-design/icons/-/icons-4.6.2.tgz",
      "integrity": "sha512-QsBG2BxBYU/rxr2eb8b2cZ4rPKAPBpzAR+0v6rrZLp/lnyvflLH3tw1vregK+M7aJauGWjIGNdFmUfpAOtw25A==",
      "requires": {
        "@ant-design/colors": "^6.0.0",
        "@ant-design/icons-svg": "^4.0.0",
        "@babel/runtime": "^7.11.2",
        "classnames": "^2.2.6",
        "rc-util": "^5.9.4"
      }
    },
    "@ant-design/icons-svg": {
      "version": "4.1.0",
      "resolved": "https://registry.npmjs.org/@ant-design/icons-svg/-/icons-svg-4.1.0.tgz",
      "integrity": "sha512-Fi03PfuUqRs76aI3UWYpP864lkrfPo0hluwGqh7NJdLhvH4iRDc3jbJqZIvRDLHKbXrvAfPPV3+zjUccfFvWOQ=="
    },
    "@babel/runtime": {
      "version": "7.14.6",
      "resolved": "https://registry.npmjs.org/@babel/runtime/-/runtime-7.14.6.tgz",
      "integrity": "sha512-/PCB2uJ7oM44tz8YhC4Z/6PeOKXp4K588f+5M3clr1M4zbqztlo0XEfJ2LEzj/FgwfgGcIdl8n7YYjTCI0BYwg==",
      "requires": {
        "regenerator-runtime": "^0.13.4"
      }
    },
    "@ctrl/tinycolor": {
      "version": "3.4.0",
      "resolved": "https://registry.npmjs.org/@ctrl/tinycolor/-/tinycolor-3.4.0.tgz",
      "integrity": "sha512-JZButFdZ1+/xAfpguQHoabIXkcqRRKpMrWKBkpEZZyxfY9C1DpADFB8PEqGSTeFr135SaTRfKqGKx5xSCLI7ZQ=="
    },
    "@types/hoist-non-react-statics": {
      "version": "3.3.1",
      "resolved": "https://registry.npmjs.org/@types/hoist-non-react-statics/-/hoist-non-react-statics-3.3.1.tgz",
      "integrity": "sha512-iMIqiko6ooLrTh1joXodJK5X9xeEALT1kM5G3ZLhD3hszxBdIEd5C75U834D9mLcINgD4OyZf5uQXjkuYydWvA==",
      "requires": {
        "@types/react": "*",
        "hoist-non-react-statics": "^3.3.0"
      }
    },
    "@types/prop-types": {
      "version": "15.7.4",
      "resolved": "https://registry.npmjs.org/@types/prop-types/-/prop-types-15.7.4.tgz",
      "integrity": "sha512-rZ5drC/jWjrArrS8BR6SIr4cWpW09RNTYt9AMZo3Jwwif+iacXAqgVjm0B0Bv/S1jhDXKHqRVNCbACkJ89RAnQ=="
    },
    "@types/react": {
      "version": "17.0.15",
      "resolved": "https://registry.npmjs.org/@types/react/-/react-17.0.15.tgz",
      "integrity": "sha512-uTKHDK9STXFHLaKv6IMnwp52fm0hwU+N89w/p9grdUqcFA6WuqDyPhaWopbNyE1k/VhgzmHl8pu1L4wITtmlLw==",
      "requires": {
        "@types/prop-types": "*",
        "@types/scheduler": "*",
        "csstype": "^3.0.2"
      }
    },
    "@types/react-redux": {
      "version": "7.1.18",
      "resolved": "https://registry.npmjs.org/@types/react-redux/-/react-redux-7.1.18.tgz",
      "integrity": "sha512-9iwAsPyJ9DLTRH+OFeIrm9cAbIj1i2ANL3sKQFATqnPWRbg+jEFXyZOKHiQK/N86pNRXbb4HRxAxo0SIX1XwzQ==",
      "requires": {
        "@types/hoist-non-react-statics": "^3.3.0",
        "@types/react": "*",
        "hoist-non-react-statics": "^3.3.0",
        "redux": "^4.0.0"
      }
    },
    "@types/scheduler": {
      "version": "0.16.2",
      "resolved": "https://registry.npmjs.org/@types/scheduler/-/scheduler-0.16.2.tgz",
      "integrity": "sha512-hppQEBDmlwhFAXKJX2KnWLYu5yMfi91yazPb2l+lbJiwW+wdo1gNeRA+3RgNSO39WYX2euey41KEwnqesU2Jew=="
    },
    "array-tree-filter": {
      "version": "2.1.0",
      "resolved": "https://registry.npmjs.org/array-tree-filter/-/array-tree-filter-2.1.0.tgz",
      "integrity": "sha512-4ROwICNlNw/Hqa9v+rk5h22KjmzB1JGTMVKP2AKJBOCgb0yL0ASf0+YvCcLNNwquOHNX48jkeZIJ3a+oOQqKcw=="
    },
    "classnames": {
      "version": "2.3.1",
      "resolved": "https://registry.npmjs.org/classnames/-/classnames-2.3.1.tgz",
      "integrity": "sha512-OlQdbZ7gLfGarSqxesMesDa5uz7KFbID8Kpq/SxIoNGDqY8lSYs0D+hhtBXhcdB3rcbXArFr7vlHheLk1voeNA=="
    },
    "compute-scroll-into-view": {
      "version": "1.0.17",
      "resolved": "https://registry.npmjs.org/compute-scroll-into-view/-/compute-scroll-into-view-1.0.17.tgz",
      "integrity": "sha512-j4dx+Fb0URmzbwwMUrhqWM2BEWHdFGx+qZ9qqASHRPqvTYdqvWnHg0H1hIbcyLnvgnoNAVMlwkepyqM3DaIFUg=="
    },
    "copy-to-clipboard": {
      "version": "3.3.1",
      "resolved": "https://registry.npmjs.org/copy-to-clipboard/-/copy-to-clipboard-3.3.1.tgz",
      "integrity": "sha512-i13qo6kIHTTpCm8/Wup+0b1mVWETvu2kIMzKoK8FpkLkFxlt0znUAHcMzox+T8sPlqtZXq3CulEjQHsYiGFJUw==",
      "requires": {
        "toggle-selection": "^1.0.6"
      }
    },
    "csstype": {
      "version": "3.0.8",
      "resolved": "https://registry.npmjs.org/csstype/-/csstype-3.0.8.tgz",
      "integrity": "sha512-jXKhWqXPmlUeoQnF/EhTtTl4C9SnrxSH/jZUih3jmO6lBKr99rP3/+FmrMj4EFpOXzMtXHAZkd3x0E6h6Fgflw=="
    },
    "date-fns": {
      "version": "2.22.1",
      "resolved": "https://registry.npmjs.org/date-fns/-/date-fns-2.22.1.tgz",
      "integrity": "sha512-yUFPQjrxEmIsMqlHhAhmxkuH769baF21Kk+nZwZGyrMoyLA+LugaQtC0+Tqf9CBUUULWwUJt6Q5ySI3LJDDCGg=="
    },
    "dom-align": {
      "version": "1.12.2",
      "resolved": "https://registry.npmjs.org/dom-align/-/dom-align-1.12.2.tgz",
      "integrity": "sha512-pHuazgqrsTFrGU2WLDdXxCFabkdQDx72ddkraZNih1KsMcN5qsRSTR9O4VJRlwTPCPb5COYg3LOfiMHHcPInHg=="
    },
    "hoist-non-react-statics": {
      "version": "3.3.2",
      "resolved": "https://registry.npmjs.org/hoist-non-react-statics/-/hoist-non-react-statics-3.3.2.tgz",
      "integrity": "sha512-/gGivxi8JPKWNm/W0jSmzcMPpfpPLc3dY/6GxhX2hQ9iGj3aDfklV4ET7NjKpSinLpJ5vafa9iiGIEZg10SfBw==",
      "requires": {
        "react-is": "^16.7.0"
      }
    },
    "invariant": {
      "version": "2.2.4",
      "resolved": "https://registry.npmjs.org/invariant/-/invariant-2.2.4.tgz",
      "integrity": "sha512-phJfQVBuaJM5raOpJjSfkiD6BpbCE4Ns//LaXl6wGYtUBY83nWS6Rf9tXm2e8VaK60JEjYldbPif/A2B1C2gNA==",
      "requires": {
        "loose-envify": "^1.0.0"
      }
    },
    "js-tokens": {
      "version": "4.0.0",
      "resolved": "https://registry.npmjs.org/js-tokens/-/js-tokens-4.0.0.tgz",
      "integrity": "sha512-RdJUflcE3cUzKiMqQgsCu06FPu9UdIJO0beYbPhHN4k6apgJtifcoCtT9bcxOpYBtpD2kCM6Sbzg4CausW/PKQ=="
    },
    "just-curry-it": {
      "version": "3.2.1",
      "resolved": "https://registry.npmjs.org/just-curry-it/-/just-curry-it-3.2.1.tgz",
      "integrity": "sha512-Q8206k8pTY7krW32cdmPsP+DqqLgWx/hYPSj9/+7SYqSqz7UuwPbfSe07lQtvuuaVyiSJveXk0E5RydOuWwsEg=="
    },
    "lodash": {
      "version": "4.17.21",
      "resolved": "https://registry.npmjs.org/lodash/-/lodash-4.17.21.tgz",
      "integrity": "sha512-v2kDEe57lecTulaDIuNTPy3Ry4gLGJ6Z1O3vE1krgXZNrsQ+LFTGHVxVjcXPs17LhbZVGedAJv8XZ1tvj5FvSg=="
    },
    "loose-envify": {
      "version": "1.4.0",
      "resolved": "https://registry.npmjs.org/loose-envify/-/loose-envify-1.4.0.tgz",
      "integrity": "sha512-lyuxPGr/Wfhrlem2CL/UcnUc1zcqKAImBDzukY7Y5F/yQiNdko6+fRLevlw1HgMySw7f611UIY408EtxRSoK3Q==",
      "requires": {
        "js-tokens": "^3.0.0 || ^4.0.0"
      }
    },
    "moment": {
      "version": "2.29.1",
      "resolved": "https://registry.npmjs.org/moment/-/moment-2.29.1.tgz",
      "integrity": "sha512-kHmoybcPV8Sqy59DwNDY3Jefr64lK/by/da0ViFcuA4DH0vQg5Q6Ze5VimxkfQNSC+Mls/Kx53s7TjP1RhFEDQ=="
    },
    "object-assign": {
      "version": "4.1.1",
      "resolved": "https://registry.npmjs.org/object-assign/-/object-assign-4.1.1.tgz",
      "integrity": "sha1-IQmtx5ZYh8/AXLvUQsrIv7s2CGM="
    },
    "prop-types": {
      "version": "15.7.2",
      "resolved": "https://registry.npmjs.org/prop-types/-/prop-types-15.7.2.tgz",
      "integrity": "sha512-8QQikdH7//R2vurIJSutZ1smHYTcLpRWEOlHnzcWHmBYrOGUysKwSsrC89BCiFj3CbrfJ/nXFdJepOVrY1GCHQ==",
      "requires": {
        "loose-envify": "^1.4.0",
        "object-assign": "^4.1.1",
        "react-is": "^16.8.1"
      }
    },
    "rc-align": {
      "version": "4.0.9",
      "resolved": "https://registry.npmjs.org/rc-align/-/rc-align-4.0.9.tgz",
      "integrity": "sha512-myAM2R4qoB6LqBul0leaqY8gFaiECDJ3MtQDmzDo9xM9NRT/04TvWOYd2YHU9zvGzqk9QXF6S9/MifzSKDZeMw==",
      "requires": {
        "@babel/runtime": "^7.10.1",
        "classnames": "2.x",
        "dom-align": "^1.7.0",
        "rc-util": "^5.3.0",
        "resize-observer-polyfill": "^1.5.1"
      }
    },
    "rc-cascader": {
      "version": "1.4.3",
      "resolved": "https://registry.npmjs.org/rc-cascader/-/rc-cascader-1.4.3.tgz",
      "integrity": "sha512-Q4l9Mv8aaISJ+giVnM9IaXxDeMqHUGLvi4F+LksS6pHlaKlN4awop/L+IMjIXpL+ug/ojaCyv/ixcVopJYYCVA==",
      "requires": {
        "@babel/runtime": "^7.12.5",
        "array-tree-filter": "^2.1.0",
        "rc-trigger": "^5.0.4",
        "rc-util": "^5.0.1",
        "warning": "^4.0.1"
      }
    },
    "rc-checkbox": {
      "version": "2.3.2",
      "resolved": "https://registry.npmjs.org/rc-checkbox/-/rc-checkbox-2.3.2.tgz",
      "integrity": "sha512-afVi1FYiGv1U0JlpNH/UaEXdh6WUJjcWokj/nUN2TgG80bfG+MDdbfHKlLcNNba94mbjy2/SXJ1HDgrOkXGAjg==",
      "requires": {
        "@babel/runtime": "^7.10.1",
        "classnames": "^2.2.1"
      }
    },
    "rc-collapse": {
      "version": "3.1.1",
      "resolved": "https://registry.npmjs.org/rc-collapse/-/rc-collapse-3.1.1.tgz",
      "integrity": "sha512-/oetKApTHzGGeR8Q8vD168EXkCs2MpEIrURGyy2D+LrrJd29LY/huuIMvOiJoSV6W3bcGhJqIdgHtg1Dxn1smA==",
      "requires": {
        "@babel/runtime": "^7.10.1",
        "classnames": "2.x",
        "rc-motion": "^2.3.4",
        "rc-util": "^5.2.1",
        "shallowequal": "^1.1.0"
      }
    },
    "rc-dropdown": {
      "version": "3.2.0",
      "resolved": "https://registry.npmjs.org/rc-dropdown/-/rc-dropdown-3.2.0.tgz",
      "integrity": "sha512-j1HSw+/QqlhxyTEF6BArVZnTmezw2LnSmRk6I9W7BCqNCKaRwleRmMMs1PHbuaG8dKHVqP6e21RQ7vPBLVnnNw==",
      "requires": {
        "@babel/runtime": "^7.10.1",
        "classnames": "^2.2.6",
        "rc-trigger": "^5.0.4"
      }
    },
    "rc-input-number": {
      "version": "7.1.4",
      "resolved": "https://registry.npmjs.org/rc-input-number/-/rc-input-number-7.1.4.tgz",
      "integrity": "sha512-EG4iqkqyqzLRu/Dq+fw2od7nlgvXLEatE+J6uhi3HXE1qlM3C7L6a7o/hL9Ly9nimkES2IeQoj3Qda3I0izj3Q==",
      "requires": {
        "@babel/runtime": "^7.10.1",
        "classnames": "^2.2.5",
        "rc-util": "^5.9.8"
      }
    },
    "rc-mentions": {
      "version": "1.6.1",
      "resolved": "https://registry.npmjs.org/rc-mentions/-/rc-mentions-1.6.1.tgz",
      "integrity": "sha512-LDzGI8jJVGnkhpTZxZuYBhMz3avcZZqPGejikchh97xPni/g4ht714Flh7DVvuzHQ+BoKHhIjobHnw1rcP8erg==",
      "requires": {
        "@babel/runtime": "^7.10.1",
        "classnames": "^2.2.6",
        "rc-menu": "^9.0.0",
        "rc-textarea": "^0.3.0",
        "rc-trigger": "^5.0.4",
        "rc-util": "^5.0.1"
      }
    },
    "rc-menu": {
      "version": "9.0.12",
      "resolved": "https://registry.npmjs.org/rc-menu/-/rc-menu-9.0.12.tgz",
      "integrity": "sha512-8uy47DL36iDEwVZdUO/fjhhW5+4j0tYlrCsOzw6iy8MJqKL7/HC2pj7sL/S9ayp2+hk9fYQYB9Tu+UN+N2OOOQ==",
      "requires": {
        "@babel/runtime": "^7.10.1",
        "classnames": "2.x",
        "rc-motion": "^2.4.3",
        "rc-overflow": "^1.2.0",
        "rc-trigger": "^5.1.2",
        "rc-util": "^5.12.0",
        "shallowequal": "^1.1.0"
      }
    },
    "rc-motion": {
      "version": "2.4.4",
      "resolved": "https://registry.npmjs.org/rc-motion/-/rc-motion-2.4.4.tgz",
      "integrity": "sha512-ms7n1+/TZQBS0Ydd2Q5P4+wJTSOrhIrwNxLXCZpR7Fa3/oac7Yi803HDALc2hLAKaCTQtw9LmQeB58zcwOsqlQ==",
      "requires": {
        "@babel/runtime": "^7.11.1",
        "classnames": "^2.2.1",
        "rc-util": "^5.2.1"
      }
    },
    "rc-overflow": {
      "version": "1.2.2",
      "resolved": "https://registry.npmjs.org/rc-overflow/-/rc-overflow-1.2.2.tgz",
      "integrity": "sha512-X5kj9LDU1ue5wHkqvCprJWLKC+ZLs3p4He/oxjZ1Q4NKaqKBaYf5OdSzRSgh3WH8kSdrfU8LjvlbWnHgJOEkNQ==",
      "requires": {
        "@babel/runtime": "^7.11.1",
        "classnames": "^2.2.1",
        "rc-resize-observer": "^1.0.0",
        "rc-util": "^5.5.1"
      }
    },
    "rc-picker": {
      "version": "2.5.13",
      "resolved": "https://registry.npmjs.org/rc-picker/-/rc-picker-2.5.13.tgz",
      "integrity": "sha512-FbEK5tKB5RVO/Pw3DHwYdL338oVH8TdfDU69fXjeStVeiaqDHf+VgpwI5qXo5vJltmmlNcM2oAbLPq7iIKDFRw==",
      "requires": {
        "@babel/runtime": "^7.10.1",
        "classnames": "^2.2.1",
        "date-fns": "^2.15.0",
        "moment": "^2.24.0",
        "rc-trigger": "^5.0.4",
        "rc-util": "^5.4.0",
        "shallowequal": "^1.1.0"
      }
    },
    "rc-progress": {
      "version": "3.1.4",
      "resolved": "https://registry.npmjs.org/rc-progress/-/rc-progress-3.1.4.tgz",
      "integrity": "sha512-XBAif08eunHssGeIdxMXOmRQRULdHaDdIFENQ578CMb4dyewahmmfJRyab+hw4KH4XssEzzYOkAInTLS7JJG+Q==",
      "requires": {
        "@babel/runtime": "^7.10.1",
        "classnames": "^2.2.6"
      }
    },
    "rc-resize-observer": {
      "version": "1.0.0",
      "resolved": "https://registry.npmjs.org/rc-resize-observer/-/rc-resize-observer-1.0.0.tgz",
      "integrity": "sha512-RgKGukg1mlzyGdvzF7o/LGFC8AeoMH9aGzXTUdp6m+OApvmRdUuOscq/Y2O45cJA+rXt1ApWlpFoOIioXL3AGg==",
      "requires": {
        "@babel/runtime": "^7.10.1",
        "classnames": "^2.2.1",
        "rc-util": "^5.0.0",
        "resize-observer-polyfill": "^1.5.1"
      }
    },
    "rc-select": {
      "version": "12.1.13",
      "resolved": "https://registry.npmjs.org/rc-select/-/rc-select-12.1.13.tgz",
      "integrity": "sha512-cPI+aesP6dgCAaey4t4upDbEukJe+XN0DK6oO/6flcCX5o28o7KNZD7JAiVtC/6fCwqwI/kSs7S/43dvHmBl+A==",
      "requires": {
        "@babel/runtime": "^7.10.1",
        "classnames": "2.x",
        "rc-motion": "^2.0.1",
        "rc-overflow": "^1.0.0",
        "rc-trigger": "^5.0.4",
        "rc-util": "^5.9.8",
        "rc-virtual-list": "^3.2.0"
      }
    },
    "rc-switch": {
      "version": "3.2.2",
      "resolved": "https://registry.npmjs.org/rc-switch/-/rc-switch-3.2.2.tgz",
      "integrity": "sha512-+gUJClsZZzvAHGy1vZfnwySxj+MjLlGRyXKXScrtCTcmiYNPzxDFOxdQ/3pK1Kt/0POvwJ/6ALOR8gwdXGhs+A==",
      "requires": {
        "@babel/runtime": "^7.10.1",
        "classnames": "^2.2.1",
        "rc-util": "^5.0.1"
      }
    },
    "rc-tabs": {
      "version": "11.9.1",
      "resolved": "https://registry.npmjs.org/rc-tabs/-/rc-tabs-11.9.1.tgz",
      "integrity": "sha512-CLNx3qaWnO8KBWPd+7r52Pfk0MoPyKtlr+2ltWq2I9iqAjd1nZu6iBpQP7wbWBwIomyeFNw/WjHdRN7VcX5Qtw==",
      "requires": {
        "@babel/runtime": "^7.11.2",
        "classnames": "2.x",
        "rc-dropdown": "^3.2.0",
        "rc-menu": "^9.0.0",
        "rc-resize-observer": "^1.0.0",
        "rc-util": "^5.5.0"
      }
    },
    "rc-textarea": {
      "version": "0.3.4",
      "resolved": "https://registry.npmjs.org/rc-textarea/-/rc-textarea-0.3.4.tgz",
      "integrity": "sha512-ILUYx831ZukQPv3m7R4RGRtVVWmL1LV4ME03L22mvT56US0DGCJJaRTHs4vmpcSjFHItph5OTmhodY4BOwy81A==",
      "requires": {
        "@babel/runtime": "^7.10.1",
        "classnames": "^2.2.1",
        "rc-resize-observer": "^1.0.0",
        "rc-util": "^5.7.0"
      }
    },
    "rc-tooltip": {
      "version": "5.1.1",
      "resolved": "https://registry.npmjs.org/rc-tooltip/-/rc-tooltip-5.1.1.tgz",
      "integrity": "sha512-alt8eGMJulio6+4/uDm7nvV+rJq9bsfxFDCI0ljPdbuoygUscbsMYb6EQgwib/uqsXQUvzk+S7A59uYHmEgmDA==",
      "requires": {
        "@babel/runtime": "^7.11.2",
        "rc-trigger": "^5.0.0"
      }
    },
    "rc-trigger": {
      "version": "5.2.9",
      "resolved": "https://registry.npmjs.org/rc-trigger/-/rc-trigger-5.2.9.tgz",
      "integrity": "sha512-0Bxsh2Xe+etejMn73am+jZBcOpsueAZiEKLiGoDfA0fvm/JHLNOiiww3zJ0qgyPOTmbYxhsxFcGOZu+VcbaZhQ==",
      "requires": {
        "@babel/runtime": "^7.11.2",
        "classnames": "^2.2.6",
        "rc-align": "^4.0.0",
        "rc-motion": "^2.0.0",
        "rc-util": "^5.5.0"
      }
    },
    "rc-util": {
      "version": "5.13.1",
      "resolved": "https://registry.npmjs.org/rc-util/-/rc-util-5.13.1.tgz",
      "integrity": "sha512-Dws2tjXBBihfjVQFlG5JzZ/5O3Wutctm0W94Wb1+M7GD2roWJPrQdSa4AkWm2pn0Ms32zoVPPkWodFeAYZPLfA==",
      "requires": {
        "@babel/runtime": "^7.12.5",
        "react-is": "^16.12.0",
        "shallowequal": "^1.1.0"
      }
    },
    "rc-virtual-list": {
      "version": "3.3.0",
      "resolved": "https://registry.npmjs.org/rc-virtual-list/-/rc-virtual-list-3.3.0.tgz",
      "integrity": "sha512-lVXpGWC6yMdwV2SHo6kc63WlqjCnb3eO72V726KA2/wh9KA6wi/swcdR3zAowuA8hJxG/lRANmY5kpLZ+Pz3iQ==",
      "requires": {
        "classnames": "^2.2.6",
        "rc-resize-observer": "^1.0.0",
        "rc-util": "^5.0.7"
      }
    },
    "react-is": {
      "version": "16.13.1",
      "resolved": "https://registry.npmjs.org/react-is/-/react-is-16.13.1.tgz",
      "integrity": "sha512-24e6ynE2H+OKt4kqsOvNd8kBpV65zoxbA4BVsEOB3ARVWQki/DHzaUoC5KuON/BiccDaCCTZBuOcfZs70kR8bQ=="
    },
    "react-redux": {
      "version": "7.2.4",
      "resolved": "https://registry.npmjs.org/react-redux/-/react-redux-7.2.4.tgz",
      "integrity": "sha512-hOQ5eOSkEJEXdpIKbnRyl04LhaWabkDPV+Ix97wqQX3T3d2NQ8DUblNXXtNMavc7DpswyQM6xfaN4HQDKNY2JA==",
      "requires": {
        "@babel/runtime": "^7.12.1",
        "@types/react-redux": "^7.1.16",
        "hoist-non-react-statics": "^3.3.2",
        "loose-envify": "^1.4.0",
        "prop-types": "^15.7.2",
        "react-is": "^16.13.1"
      }
    },
    "reduce-reducers": {
      "version": "0.4.3",
      "resolved": "https://registry.npmjs.org/reduce-reducers/-/reduce-reducers-0.4.3.tgz",
      "integrity": "sha512-+CNMnI8QhgVMtAt54uQs3kUxC3Sybpa7Y63HR14uGLgI9/QR5ggHvpxwhGGe3wmx5V91YwqQIblN9k5lspAmGw=="
    },
    "redux": {
      "version": "4.1.0",
      "resolved": "https://registry.npmjs.org/redux/-/redux-4.1.0.tgz",
      "integrity": "sha512-uI2dQN43zqLWCt6B/BMGRMY6db7TTY4qeHHfGeKb3EOhmOKjU3KdWvNLJyqaHRksv/ErdNH7cFZWg9jXtewy4g==",
      "requires": {
        "@babel/runtime": "^7.9.2"
      }
    },
    "redux-actions": {
      "version": "2.6.5",
      "resolved": "https://registry.npmjs.org/redux-actions/-/redux-actions-2.6.5.tgz",
      "integrity": "sha512-pFhEcWFTYNk7DhQgxMGnbsB1H2glqhQJRQrtPb96kD3hWiZRzXHwwmFPswg6V2MjraXRXWNmuP9P84tvdLAJmw==",
      "requires": {
        "invariant": "^2.2.4",
        "just-curry-it": "^3.1.0",
        "loose-envify": "^1.4.0",
        "reduce-reducers": "^0.4.3",
        "to-camel-case": "^1.0.0"
      }
    },
    "redux-devtools": {
      "version": "3.7.0",
      "resolved": "https://registry.npmjs.org/redux-devtools/-/redux-devtools-3.7.0.tgz",
      "integrity": "sha512-Lnx3UX7mnJij2Xs+RicPK1GyKkbuodrCKtfYmJsN603wC0mc99W//xCAskGVNmRhIXg4e57m2k1CyX0kVzCsBg==",
      "requires": {
        "@types/prop-types": "^15.7.3",
        "lodash": "^4.17.19",
        "prop-types": "^15.7.2",
        "redux-devtools-instrument": "^1.10.0"
      }
    },
    "redux-devtools-instrument": {
      "version": "1.10.0",
      "resolved": "https://registry.npmjs.org/redux-devtools-instrument/-/redux-devtools-instrument-1.10.0.tgz",
      "integrity": "sha512-X8JRBCzX2ADSMp+iiV7YQ8uoTNyEm0VPFPd4T854coz6lvRiBrFSqAr9YAS2n8Kzxx8CJQotR0QF9wsMM+3DvA==",
      "requires": {
        "lodash": "^4.17.19",
        "symbol-observable": "^1.2.0"
      }
    },
    "regenerator-runtime": {
      "version": "0.13.7",
      "resolved": "https://registry.npmjs.org/regenerator-runtime/-/regenerator-runtime-0.13.7.tgz",
      "integrity": "sha512-a54FxoJDIr27pgf7IgeQGxmqUNYrcV338lf/6gH456HZ/PhX+5BcwHXG9ajESmwe6WRO0tAzRUrRmNONWgkrew=="
    },
    "resize-observer-polyfill": {
      "version": "1.5.1",
      "resolved": "https://registry.npmjs.org/resize-observer-polyfill/-/resize-observer-polyfill-1.5.1.tgz",
      "integrity": "sha512-LwZrotdHOo12nQuZlHEmtuXdqGoOD0OhaxopaNFxWzInpEgaLWoVuAMbTzixuosCx2nEG58ngzW3vxdWoxIgdg=="
    },
    "shallowequal": {
      "version": "1.1.0",
      "resolved": "https://registry.npmjs.org/shallowequal/-/shallowequal-1.1.0.tgz",
      "integrity": "sha512-y0m1JoUZSlPAjXVtPPW70aZWfIL/dSP7AFkRnniLCrK/8MDKog3TySTBmckD+RObVxH0v4Tox67+F14PdED2oQ=="
    },
    "symbol-observable": {
      "version": "1.2.0",
      "resolved": "https://registry.npmjs.org/symbol-observable/-/symbol-observable-1.2.0.tgz",
      "integrity": "sha512-e900nM8RRtGhlV36KGEU9k65K3mPb1WV70OdjfxlG2EAuM1noi/E/BaW/uMhL7bPEssK8QV57vN3esixjUvcXQ=="
    },
    "to-camel-case": {
      "version": "1.0.0",
      "resolved": "https://registry.npmjs.org/to-camel-case/-/to-camel-case-1.0.0.tgz",
      "integrity": "sha1-GlYFSy+daWKYzmamCJcyK29CPkY=",
      "requires": {
        "to-space-case": "^1.0.0"
      }
    },
    "to-no-case": {
      "version": "1.0.2",
      "resolved": "https://registry.npmjs.org/to-no-case/-/to-no-case-1.0.2.tgz",
      "integrity": "sha1-xyKQcWTvaxeBMsjmmTAhLRtKoWo="
    },
    "to-space-case": {
      "version": "1.0.0",
      "resolved": "https://registry.npmjs.org/to-space-case/-/to-space-case-1.0.0.tgz",
      "integrity": "sha1-sFLar7Gysp3HcM6gFj5ewOvJ/Bc=",
      "requires": {
        "to-no-case": "^1.0.0"
      }
    },
    "toggle-selection": {
      "version": "1.0.6",
      "resolved": "https://registry.npmjs.org/toggle-selection/-/toggle-selection-1.0.6.tgz",
      "integrity": "sha1-bkWxJj8gF/oKzH2J14sVuL932jI="
    },
    "warning": {
      "version": "4.0.3",
      "resolved": "https://registry.npmjs.org/warning/-/warning-4.0.3.tgz",
      "integrity": "sha512-rpJyN222KWIvHJ/F53XSZv0Zl/accqHR8et1kpaMTD/fLCRxtV8iX8czMzY7sVZupTI3zcUTg8eycS2kNF9l6w==",
      "requires": {
        "loose-envify": "^1.0.0"
      }
    }
  }
}
